github.com/skiff-sh/api/go v0.0.0-20251208213009-c139f92ebff6 h1:nYrYxmNWwX8sbjkoz1GgBIoRR9XN7D3mTjdKwxJg+IE=
github.com/skiff-sh/api/go v0.0.0-20251208213009-c139f92ebff6/go.mod h1:BmmyarVPe5+g2YL40UtT104v08yCyoE0JDaxpPqK+sE=
github.com/skiff-sh/api/go v0.0.0-20251208221115-89dad72b2191 h1:r/DXgQdOPD6HwM8gbY4flJg9+5DZkpb6rsMoUrNIAtE=
github.com/skiff-sh/api/go v0.0.0-20251208221115-89dad72b2191/go.mod h1:BmmyarVPe5+g2YL40UtT104v08yCyoE0JDaxpPqK+sE=
