github.com/skiff-sh/api/go v0.0.0-20251208213009-c139f92ebff6 h1:nYrYxmNWwX8sbjkoz1GgBIoRR9XN7D3mTjdKwxJg+IE=
github.com/skiff-sh/api/go v0.0.0-20251208213009-c139f92ebff6/go.mod h1:BmmyarVPe5+g2YL40UtT104v08yCyoE0JDaxpPqK+sE=
github.com/skiff-sh/api/go v0.0.0-20251208215157-ee211e8b46eb h1:O61RcdcrBv9pTbPNcdGiYsbYi57cPd+CukSxUQ/oQxM=
github.com/skiff-sh/api/go v0.0.0-20251208215157-ee211e8b46eb/go.mod h1:BmmyarVPe5+g2YL40UtT104v08yCyoE0JDaxpPqK+sE=
